// !$*UTF8*$!
{
	archiveVersion = 1;
	classes = {
	};
	objectVersion = 46;
	objects = {

/* Begin PBXBuildFile section */
		6C1BE4D61B6979AF00153436 /* main.m in Sources */ = {isa = PBXBuildFile; fileRef = 6C1BE4D51B6979AF00153436 /* main.m */; };
		6C1BE4D91B6979AF00153436 /* AppDelegate.m in Sources */ = {isa = PBXBuildFile; fileRef = 6C1BE4D81B6979AF00153436 /* AppDelegate.m */; };
		6C1BE4DC1B6979AF00153436 /* ViewController.m in Sources */ = {isa = PBXBuildFile; fileRef = 6C1BE4DB1B6979AF00153436 /* ViewController.m */; };
		6C1BE4DF1B6979AF00153436 /* Main.storyboard in Resources */ = {isa = PBXBuildFile; fileRef = 6C1BE4DD1B6979AF00153436 /* Main.storyboard */; };
		6C1BE4E11B6979AF00153436 /* Images.xcassets in Resources */ = {isa = PBXBuildFile; fileRef = 6C1BE4E01B6979AF00153436 /* Images.xcassets */; };
		6C1BE4E41B6979AF00153436 /* LaunchScreen.xib in Resources */ = {isa = PBXBuildFile; fileRef = 6C1BE4E21B6979AF00153436 /* LaunchScreen.xib */; };
		6C1BE4F01B6979B000153436 /* CustomMapAnnotationsTests.m in Sources */ = {isa = PBXBuildFile; fileRef = 6C1BE4EF1B6979B000153436 /* CustomMapAnnotationsTests.m */; };
		6C1BE4FB1B698E4F00153436 /* MyAnnotation.m in Sources */ = {isa = PBXBuildFile; fileRef = 6C1BE4FA1B698E4F00153436 /* MyAnnotation.m */; };
		6C1BE4FF1B69C5B700153436 /* AnnotationView.m in Sources */ = {isa = PBXBuildFile; fileRef = 6C1BE4FE1B69C5B700153436 /* AnnotationView.m */; };
		6C1BE5011B69C5CE00153436 /* AnnotationView.xib in Resources */ = {isa = PBXBuildFile; fileRef = 6C1BE5001B69C5CE00153436 /* AnnotationView.xib */; };
/* End PBXBuildFile section */

/* Begin PBXContainerItemProxy section */
		6C1BE4EA1B6979B000153436 /* PBXContainerItemProxy */ = {
			isa = PBXContainerItemProxy;
			containerPortal = 6C1BE4C81B6979AF00153436 /* Project object */;
			proxyType = 1;
			remoteGlobalIDString = 6C1BE4CF1B6979AF00153436;
			remoteInfo = CustomMapAnnotations;
		};
/* End PBXContainerItemProxy section */

/* Begin PBXFileReference section */
		6C1BE4D01B6979AF00153436 /* CustomMapAnnotations.app */ = {isa = PBXFileReference; explicitFileType = wrapper.application; includeInIndex = 0; path = CustomMapAnnotations.app; sourceTree = BUILT_PRODUCTS_DIR; };
		6C1BE4D41B6979AF00153436 /* Info.plist */ = {isa = PBXFileReference; lastKnownFileType = text.plist.xml; path = Info.plist; sourceTree = "<group>"; };
		6C1BE4D51B6979AF00153436 /* main.m */ = {isa = PBXFileReference; lastKnownFileType = sourcecode.c.objc; path = main.m; sourceTree = "<group>"; };
		6C1BE4D71B6979AF00153436 /* AppDelegate.h */ = {isa = PBXFileReference; lastKnownFileType = sourcecode.c.h; path = AppDelegate.h; sourceTree = "<group>"; };
		6C1BE4D81B6979AF00153436 /* AppDelegate.m */ = {isa = PBXFileReference; lastKnownFileType = sourcecode.c.objc; path = AppDelegate.m; sourceTree = "<group>"; };
		6C1BE4DA1B6979AF00153436 /* ViewController.h */ = {isa = PBXFileReference; lastKnownFileType = sourcecode.c.h; path = ViewController.h; sourceTree = "<group>"; };
		6C1BE4DB1B6979AF00153436 /* ViewController.m */ = {isa = PBXFileReference; lastKnownFileType = sourcecode.c.objc; path = ViewController.m; sourceTree = "<group>"; };
		6C1BE4DE1B6979AF00153436 /* Base */ = {isa = PBXFileReference; lastKnownFileType = file.storyboard; name = Base; path = Base.lproj/Main.storyboard; sourceTree = "<group>"; };
		6C1BE4E01B6979AF00153436 /* Images.xcassets */ = {isa = PBXFileReference; lastKnownFileType = folder.assetcatalog; path = Images.xcassets; sourceTree = "<group>"; };
		6C1BE4E31B6979AF00153436 /* Base */ = {isa = PBXFileReference; lastKnownFileType = file.xib; name = Base; path = Base.lproj/LaunchScreen.xib; sourceTree = "<group>"; };
		6C1BE4E91B6979B000153436 /* CustomMapAnnotationsTests.xctest */ = {isa = PBXFileReference; explicitFileType = wrapper.cfbundle; includeInIndex = 0; path = CustomMapAnnotationsTests.xctest; sourceTree = BUILT_PRODUCTS_DIR; };
		6C1BE4EE1B6979B000153436 /* Info.plist */ = {isa = PBXFileReference; lastKnownFileType = text.plist.xml; path = Info.plist; sourceTree = "<group>"; };
		6C1BE4EF1B6979B000153436 /* CustomMapAnnotationsTests.m */ = {isa = PBXFileReference; lastKnownFileType = sourcecode.c.objc; path = CustomMapAnnotationsTests.m; sourceTree = "<group>"; };
		6C1BE4F91B698E4F00153436 /* MyAnnotation.h */ = {isa = PBXFileReference; fileEncoding = 4; lastKnownFileType = sourcecode.c.h; path = MyAnnotation.h; sourceTree = "<group>"; };
		6C1BE4FA1B698E4F00153436 /* MyAnnotation.m */ = {isa = PBXFileReference; fileEncoding = 4; lastKnownFileType = sourcecode.c.objc; path = MyAnnotation.m; sourceTree = "<group>"; };
		6C1BE4FD1B69C5B700153436 /* AnnotationView.h */ = {isa = PBXFileReference; fileEncoding = 4; lastKnownFileType = sourcecode.c.h; path = AnnotationView.h; sourceTree = "<group>"; };
		6C1BE4FE1B69C5B700153436 /* AnnotationView.m */ = {isa = PBXFileReference; fileEncoding = 4; lastKnownFileType = sourcecode.c.objc; path = AnnotationView.m; sourceTree = "<group>"; };
		6C1BE5001B69C5CE00153436 /* AnnotationView.xib */ = {isa = PBXFileReference; fileEncoding = 4; lastKnownFileType = file.xib; path = AnnotationView.xib; sourceTree = "<group>"; };
		6C1BE5021B6A8AD200153436 /* MapKit.framework */ = {isa = PBXFileReference; lastKnownFileType = wrapper.framework; name = MapKit.framework; path = System/Library/Frameworks/MapKit.framework; sourceTree = SDKROOT; };
/* End PBXFileReference section */

/* Begin PBXFrameworksBuildPhase section */
		6C1BE4CD1B6979AF00153436 /* Frameworks */ = {
			isa = PBXFrameworksBuildPhase;
			buildActionMask = 2147483647;
			files = (
			);
			runOnlyForDeploymentPostprocessing = 0;
		};
		6C1BE4E61B6979B000153436 /* Frameworks */ = {
			isa = PBXFrameworksBuildPhase;
			buildActionMask = 2147483647;
			files = (
			);
			runOnlyForDeploymentPostprocessing = 0;
		};
/* End PBXFrameworksBuildPhase section */

/* Begin PBXGroup section */
		6C1BE4C71B6979AF00153436 = {
			isa = PBXGroup;
			children = (
				6C1BE5021B6A8AD200153436 /* MapKit.framework */,
				6C1BE4D21B6979AF00153436 /* CustomMapAnnotations */,
				6C1BE4EC1B6979B000153436 /* CustomMapAnnotationsTests */,
				6C1BE4D11B6979AF00153436 /* Products */,
			);
			sourceTree = "<group>";
		};
		6C1BE4D11B6979AF00153436 /* Products */ = {
			isa = PBXGroup;
			children = (
				6C1BE4D01B6979AF00153436 /* CustomMapAnnotations.app */,
				6C1BE4E91B6979B000153436 /* CustomMapAnnotationsTests.xctest */,
			);
			name = Products;
			sourceTree = "<group>";
		};
		6C1BE4D21B6979AF00153436 /* CustomMapAnnotations */ = {
			isa = PBXGroup;
			children = (
				6C1BE4DA1B6979AF00153436 /* ViewController.h */,
				6C1BE4DB1B6979AF00153436 /* ViewController.m */,
				6C1BE4F91B698E4F00153436 /* MyAnnotation.h */,
				6C1BE4FA1B698E4F00153436 /* MyAnnotation.m */,
				6C1BE4FD1B69C5B700153436 /* AnnotationView.h */,
				6C1BE4FE1B69C5B700153436 /* AnnotationView.m */,
				6C1BE5001B69C5CE00153436 /* AnnotationView.xib */,
				6C1BE4FC1B698EC400153436 /* Views */,
				6C1BE4D31B6979AF00153436 /* Supporting Files */,
			);
			path = CustomMapAnnotations;
			sourceTree = "<group>";
		};
		6C1BE4D31B6979AF00153436 /* Supporting Files */ = {
			isa = PBXGroup;
			children = (
				6C1BE4D71B6979AF00153436 /* AppDelegate.h */,
				6C1BE4D81B6979AF00153436 /* AppDelegate.m */,
				6C1BE4D41B6979AF00153436 /* Info.plist */,
				6C1BE4D51B6979AF00153436 /* main.m */,
			);
			name = "Supporting Files";
			sourceTree = "<group>";
		};
		6C1BE4EC1B6979B000153436 /* CustomMapAnnotationsTests */ = {
			isa = PBXGroup;
			children = (
				6C1BE4EF1B6979B000153436 /* CustomMapAnnotationsTests.m */,
				6C1BE4ED1B6979B000153436 /* Supporting Files */,
			);
			path = CustomMapAnnotationsTests;
			sourceTree = "<group>";
		};
		6C1BE4ED1B6979B000153436 /* Supporting Files */ = {
			isa = PBXGroup;
			children = (
				6C1BE4EE1B6979B000153436 /* Info.plist */,
			);
			name = "Supporting Files";
			sourceTree = "<group>";
		};
		6C1BE4FC1B698EC400153436 /* Views */ = {
			isa = PBXGroup;
			children = (
				6C1BE4DD1B6979AF00153436 /* Main.storyboard */,
				6C1BE4E01B6979AF00153436 /* Images.xcassets */,
				6C1BE4E21B6979AF00153436 /* LaunchScreen.xib */,
			);
			name = Views;
			sourceTree = "<group>";
		};
/* End PBXGroup section */

/* Begin PBXNativeTarget section */
		6C1BE4CF1B6979AF00153436 /* CustomMapAnnotations */ = {
			isa = PBXNativeTarget;
			buildConfigurationList = 6C1BE4F31B6979B000153436 /* Build configuration list for PBXNativeTarget "CustomMapAnnotations" */;
			buildPhases = (
				6C1BE4CC1B6979AF00153436 /* Sources */,
				6C1BE4CD1B6979AF00153436 /* Frameworks */,
				6C1BE4CE1B6979AF00153436 /* Resources */,
			);
			buildRules = (
			);
			dependencies = (
			);
			name = CustomMapAnnotations;
			productName = CustomMapAnnotations;
			productReference = 6C1BE4D01B6979AF00153436 /* CustomMapAnnotations.app */;
			productType = "com.apple.product-type.application";
		};
		6C1BE4E81B6979B000153436 /* CustomMapAnnotationsTests */ = {
			isa = PBXNativeTarget;
			buildConfigurationList = 6C1BE4F61B6979B000153436 /* Build configuration list for PBXNativeTarget "CustomMapAnnotationsTests" */;
			buildPhases = (
				6C1BE4E51B6979B000153436 /* Sources */,
				6C1BE4E61B6979B000153436 /* Frameworks */,
				6C1BE4E71B6979B000153436 /* Resources */,
			);
			buildRules = (
			);
			dependencies = (
				6C1BE4EB1B6979B000153436 /* PBXTargetDependency */,
			);
			name = CustomMapAnnotationsTests;
			productName = CustomMapAnnotationsTests;
			productReference = 6C1BE4E91B6979B000153436 /* CustomMapAnnotationsTests.xctest */;
			productType = "com.apple.product-type.bundle.unit-test";
		};
/* End PBXNativeTarget section */

/* Begin PBXProject section */
		6C1BE4C81B6979AF00153436 /* Project object */ = {
			isa = PBXProject;
			attributes = {
				LastUpgradeCheck = 0630;
				ORGANIZATIONNAME = "Dulio Denis";
				TargetAttributes = {
					6C1BE4CF1B6979AF00153436 = {
						CreatedOnToolsVersion = 6.3.1;
					};
					6C1BE4E81B6979B000153436 = {
						CreatedOnToolsVersion = 6.3.1;
						TestTargetID = 6C1BE4CF1B6979AF00153436;
					};
				};
			};
			buildConfigurationList = 6C1BE4CB1B6979AF00153436 /* Build configuration list for PBXProject "CustomMapAnnotations" */;
			compatibilityVersion = "Xcode 3.2";
			developmentRegion = English;
			hasScannedForEncodings = 0;
			knownRegions = (
				en,
				Base,
			);
			mainGroup = 6C1BE4C71B6979AF00153436;
			productRefGroup = 6C1BE4D11B6979AF00153436 /* Products */;
			projectDirPath = "";
			projectRoot = "";
			targets = (
				6C1BE4CF1B6979AF00153436 /* CustomMapAnnotations */,
				6C1BE4E81B6979B000153436 /* CustomMapAnnotationsTests */,
			);
		};
/* End PBXProject section */

/* Begin PBXResourcesBuildPhase section */
		6C1BE4CE1B6979AF00153436 /* Resources */ = {
			isa = PBXResourcesBuildPhase;
			buildActionMask = 2147483647;
			files = (
				6C1BE4DF1B6979AF00153436 /* Main.storyboard in Resources */,
				6C1BE5011B69C5CE00153436 /* AnnotationView.xib in Resources */,
				6C1BE4E41B6979AF00153436 /* LaunchScreen.xib in Resources */,
				6C1BE4E11B6979AF00153436 /* Images.xcassets in Resources */,
			);
			runOnlyForDeploymentPostprocessing = 0;
		};
		6C1BE4E71B6979B000153436 /* Resources */ = {
			isa = PBXResourcesBuildPhase;
			buildActionMask = 2147483647;
			files = (
			);
			runOnlyForDeploymentPostprocessing = 0;
		};
/* End PBXResourcesBuildPhase section */

/* Begin PBXSourcesBuildPhase section */
		6C1BE4CC1B6979AF00153436 /* Sources */ = {
			isa = PBXSourcesBuildPhase;
			buildActionMask = 2147483647;
			files = (
				6C1BE4DC1B6979AF00153436 /* ViewController.m in Sources */,
				6C1BE4D91B6979AF00153436 /* AppDelegate.m in Sources */,
				6C1BE4FF1B69C5B700153436 /* AnnotationView.m in Sources */,
				6C1BE4FB1B698E4F00153436 /* MyAnnotation.m in Sources */,
				6C1BE4D61B6979AF00153436 /* main.m in Sources */,
			);
			runOnlyForDeploymentPostprocessing = 0;
		};
		6C1BE4E51B6979B000153436 /* Sources */ = {
			isa = PBXSourcesBuildPhase;
			buildActionMask = 2147483647;
			files = (
				6C1BE4F01B6979B000153436 /* CustomMapAnnotationsTests.m in Sources */,
			);
			runOnlyForDeploymentPostprocessing = 0;
		};
/* End PBXSourcesBuildPhase section */

/* Begin PBXTargetDependency section */
		6C1BE4EB1B6979B000153436 /* PBXTargetDependency */ = {
			isa = PBXTargetDependency;
			target = 6C1BE4CF1B6979AF00153436 /* CustomMapAnnotations */;
			targetProxy = 6C1BE4EA1B6979B000153436 /* PBXContainerItemProxy */;
		};
/* End PBXTargetDependency section */

/* Begin PBXVariantGroup section */
		6C1BE4DD1B6979AF00153436 /* Main.storyboard */ = {
			isa = PBXVariantGroup;
			children = (
				6C1BE4DE1B6979AF00153436 /* Base */,
			);
			name = Main.storyboard;
			sourceTree = "<group>";
		};
		6C1BE4E21B6979AF00153436 /* LaunchScreen.xib */ = {
			isa = PBXVariantGroup;
			children = (
				6C1BE4E31B6979AF00153436 /* Base */,
			);
			name = LaunchScreen.xib;
			sourceTree = "<group>";
		};
/* End PBXVariantGroup section */

/* Begin XCBuildConfiguration section */
		6C1BE4F11B6979B000153436 /* Debug */ = {
			isa = XCBuildConfiguration;
			buildSettings = {
				ALWAYS_SEARCH_USER_PATHS = NO;
				CLANG_CXX_LANGUAGE_STANDARD = "gnu++0x";
				CLANG_CXX_LIBRARY = "libc++";
				CLANG_ENABLE_MODULES = YES;
				CLANG_ENABLE_OBJC_ARC = YES;
				CLANG_WARN_BOOL_CONVERSION = YES;
				CLANG_WARN_CONSTANT_CONVERSION = YES;
				CLANG_WARN_DIRECT_OBJC_ISA_USAGE = YES_ERROR;
				CLANG_WARN_EMPTY_BODY = YES;
				CLANG_WARN_ENUM_CONVERSION = YES;
				CLANG_WARN_INT_CONVERSION = YES;
				CLANG_WARN_OBJC_ROOT_CLASS = YES_ERROR;
				CLANG_WARN_UNREACHABLE_CODE = YES;
				CLANG_WARN__DUPLICATE_METHOD_MATCH = YES;
				"CODE_SIGN_IDENTITY[sdk=iphoneos*]" = "iPhone Developer";
				COPY_PHASE_STRIP = NO;
				DEBUG_INFORMATION_FORMAT = "dwarf-with-dsym";
				ENABLE_STRICT_OBJC_MSGSEND = YES;
				GCC_C_LANGUAGE_STANDARD = gnu99;
				GCC_DYNAMIC_NO_PIC = NO;
				GCC_NO_COMMON_BLOCKS = YES;
				GCC_OPTIMIZATION_LEVEL = 0;
				GCC_PREPROCESSOR_DEFINITIONS = (
					"DEBUG=1",
					"$(inherited)",
				);
				GCC_SYMBOLS_PRIVATE_EXTERN = NO;
				GCC_WARN_64_TO_32_BIT_CONVERSION = YES;
				GCC_WARN_ABOUT_RETURN_TYPE = YES_ERROR;
				GCC_WARN_UNDECLARED_SELECTOR = YES;
				GCC_WARN_UNINITIALIZED_AUTOS = YES_AGGRESSIVE;
				GCC_WARN_UNUSED_FUNCTION = YES;
				GCC_WARN_UNUSED_VARIABLE = YES;
				IPHONEOS_DEPLOYMENT_TARGET = 8.3;
				MTL_ENABLE_DEBUG_INFO = YES;
				ONLY_ACTIVE_ARCH = YES;
				SDKROOT = iphoneos;
			};
			name = Debug;
		};
		6C1BE4F21B6979B000153436 /* Release */ = {
			isa = XCBuildConfiguration;
			buildSettings = {
				ALWAYS_SEARCH_USER_PATHS = NO;
				CLANG_CXX_LANGUAGE_STANDARD = "gnu++0x";
				CLANG_CXX_LIBRARY = "libc++";
				CLANG_ENABLE_MODULES = YES;
				CLANG_ENABLE_OBJC_ARC = YES;
				CLANG_WARN_BOOL_CONVERSION = YES;
				CLANG_WARN_CONSTANT_CONVERSION = YES;
				CLANG_WARN_DIRECT_OBJC_ISA_USAGE = YES_ERROR;
				CLANG_WARN_EMPTY_BODY = YES;
				CLANG_WARN_ENUM_CONVERSION = YES;
				CLANG_WARN_INT_CONVERSION = YES;
				CLANG_WARN_OBJC_ROOT_CLASS = YES_ERROR;
				CLANG_WARN_UNREACHABLE_CODE = YES;
				CLANG_WARN__DUPLICATE_METHOD_MATCH = YES;
				"CODE_SIGN_IDENTITY[sdk=iphoneos*]" = "iPhone Developer";
				COPY_PHASE_STRIP = NO;
				DEBUG_INFORMATION_FORMAT = "dwarf-with-dsym";
				ENABLE_NS_ASSERTIONS = NO;
				ENABLE_STRICT_OBJC_MSGSEND = YES;
				GCC_C_LANGUAGE_STANDARD = gnu99;
				GCC_NO_COMMON_BLOCKS = YES;
				GCC_WARN_64_TO_32_BIT_CONVERSION = YES;
				GCC_WARN_ABOUT_RETURN_TYPE = YES_ERROR;
				GCC_WARN_UNDECLARED_SELECTOR = YES;
				GCC_WARN_UNINITIALIZED_AUTOS = YES_AGGRESSIVE;
				GCC_WARN_UNUSED_FUNCTION = YES;
				GCC_WARN_UNUSED_VARIABLE = YES;
				IPHONEOS_DEPLOYMENT_TARGET = 8.3;
				MTL_ENABLE_DEBUG_INFO = NO;
				SDKROOT = iphoneos;
				VALIDATE_PRODUCT = YES;
			};
			name = Release;
		};
		6C1BE4F41B6979B000153436 /* Debug */ = {
			isa = XCBuildConfiguration;
			buildSettings = {
				ASSETCATALOG_COMPILER_APPICON_NAME = AppIcon;
				INFOPLIST_FILE = CustomMapAnnotations/Info.plist;
				LD_RUNPATH_SEARCH_PATHS = "$(inherited) @executable_path/Frameworks";
				PRODUCT_NAME = "$(TARGET_NAME)";
			};
			name = Debug;
		};
		6C1BE4F51B6979B000153436 /* Release */ = {
			isa = XCBuildConfiguration;
			buildSettings = {
				ASSETCATALOG_COMPILER_APPICON_NAME = AppIcon;
				INFOPLIST_FILE = CustomMapAnnotations/Info.plist;
				LD_RUNPATH_SEARCH_PATHS = "$(inherited) @executable_path/Frameworks";
				PRODUCT_NAME = "$(TARGET_NAME)";
			};
			name = Release;
		};
		6C1BE4F71B6979B000153436 /* Debug */ = {
			isa = XCBuildConfiguration;
			buildSettings = {
				BUNDLE_LOADER = "$(TEST_HOST)";
				FRAMEWORK_SEARCH_PATHS = (
					"$(SDKROOT)/Developer/Library/Frameworks",
					"$(inherited)",
				);
				GCC_PREPROCESSOR_DEFINITIONS = (
					"DEBUG=1",
					"$(inherited)",
				);
				INFOPLIST_FILE = CustomMapAnnotationsTests/Info.plist;
				LD_RUNPATH_SEARCH_PATHS = "$(inherited) @executable_path/Frameworks @loader_path/Frameworks";
				PRODUCT_NAME = "$(TARGET_NAME)";
				TEST_HOST = "$(BUILT_PRODUCTS_DIR)/CustomMapAnnotations.app/CustomMapAnnotations";
			};
			name = Debug;
		};
		6C1BE4F81B6979B000153436 /* Release */ = {
			isa = XCBuildConfiguration;
			buildSettings = {
				BUNDLE_LOADER = "$(TEST_HOST)";
				FRAMEWORK_SEARCH_PATHS = (
					"$(SDKROOT)/Developer/Library/Frameworks",
					"$(inherited)",
				);
				INFOPLIST_FILE = CustomMapAnnotationsTests/Info.plist;
				LD_RUNPATH_SEARCH_PATHS = "$(inherited) @executable_path/Frameworks @loader_path/Frameworks";
				PRODUCT_NAME = "$(TARGET_NAME)";
				TEST_HOST = "$(BUILT_PRODUCTS_DIR)/CustomMapAnnotations.app/CustomMapAnnotations";
			};
			name = Release;
		};
/* End XCBuildConfiguration section */

/* Begin XCConfigurationList section */
		6C1BE4CB1B6979AF00153436 /* Build configuration list for PBXProject "CustomMapAnnotations" */ = {
			isa = XCConfigurationList;
			buildConfigurations = (
				6C1BE4F11B6979B000153436 /* Debug */,
				6C1BE4F21B6979B000153436 /* Release */,
			);
			defaultConfigurationIsVisible = 0;
			defaultConfigurationName = Release;
		};
		6C1BE4F31B6979B000153436 /* Build configuration list for PBXNativeTarget "CustomMapAnnotations" */ = {
			isa = XCConfigurationList;
			buildConfigurations = (
				6C1BE4F41B6979B000153436 /* Debug */,
				6C1BE4F51B6979B000153436 /* Release */,
			);
			defaultConfigurationIsVisible = 0;
		};
		6C1BE4F61B6979B000153436 /* Build configuration list for PBXNativeTarget "CustomMapAnnotationsTests" */ = {
			isa = XCConfigurationList;
			buildConfigurations = (
				6C1BE4F71B6979B000153436 /* Debug */,
				6C1BE4F81B6979B000153436 /* Release */,
			);
			defaultConfigurationIsVisible = 0;
		};
/* End XCConfigurationList section */
	};
	rootObject = 6C1BE4C81B6979AF00153436 /* Project object */;
}
