// !$*UTF8*$!
{
	archiveVersion = 1;
	classes = {
	};
	objectVersion = 46;
	objects = {

/* Begin PBXBuildFile section */
		6C1BE4411B5955B700153436 /* MapKit.framework in Frameworks */ = {isa = PBXBuildFile; fileRef = 6C1BE4401B5955B700153436 /* MapKit.framework */; };
		6C1BE4441B5AD76A00153436 /* LocationController.m in Sources */ = {isa = PBXBuildFile; fileRef = 6C1BE4431B5AD76A00153436 /* LocationController.m */; };
		6C3D6E231B5941EA00608896 /* main.m in Sources */ = {isa = PBXBuildFile; fileRef = 6C3D6E221B5941EA00608896 /* main.m */; };
		6C3D6E261B5941EA00608896 /* AppDelegate.m in Sources */ = {isa = PBXBuildFile; fileRef = 6C3D6E251B5941EA00608896 /* AppDelegate.m */; };
		6C3D6E291B5941EA00608896 /* ViewController.m in Sources */ = {isa = PBXBuildFile; fileRef = 6C3D6E281B5941EA00608896 /* ViewController.m */; };
		6C3D6E2C1B5941EA00608896 /* Main.storyboard in Resources */ = {isa = PBXBuildFile; fileRef = 6C3D6E2A1B5941EA00608896 /* Main.storyboard */; };
		6C3D6E2E1B5941EA00608896 /* Images.xcassets in Resources */ = {isa = PBXBuildFile; fileRef = 6C3D6E2D1B5941EA00608896 /* Images.xcassets */; };
		6C3D6E311B5941EA00608896 /* LaunchScreen.xib in Resources */ = {isa = PBXBuildFile; fileRef = 6C3D6E2F1B5941EA00608896 /* LaunchScreen.xib */; };
		6C3D6E3D1B5941EA00608896 /* PlacesTests.m in Sources */ = {isa = PBXBuildFile; fileRef = 6C3D6E3C1B5941EA00608896 /* PlacesTests.m */; };
/* End PBXBuildFile section */

/* Begin PBXContainerItemProxy section */
		6C3D6E371B5941EA00608896 /* PBXContainerItemProxy */ = {
			isa = PBXContainerItemProxy;
			containerPortal = 6C3D6E151B5941E900608896 /* Project object */;
			proxyType = 1;
			remoteGlobalIDString = 6C3D6E1C1B5941EA00608896;
			remoteInfo = Places;
		};
/* End PBXContainerItemProxy section */

/* Begin PBXFileReference section */
		6C1BE4401B5955B700153436 /* MapKit.framework */ = {isa = PBXFileReference; lastKnownFileType = wrapper.framework; name = MapKit.framework; path = System/Library/Frameworks/MapKit.framework; sourceTree = SDKROOT; };
		6C1BE4421B5AD76A00153436 /* LocationController.h */ = {isa = PBXFileReference; fileEncoding = 4; lastKnownFileType = sourcecode.c.h; path = LocationController.h; sourceTree = "<group>"; };
		6C1BE4431B5AD76A00153436 /* LocationController.m */ = {isa = PBXFileReference; fileEncoding = 4; lastKnownFileType = sourcecode.c.objc; path = LocationController.m; sourceTree = "<group>"; };
		6C3D6E1D1B5941EA00608896 /* Places.app */ = {isa = PBXFileReference; explicitFileType = wrapper.application; includeInIndex = 0; path = Places.app; sourceTree = BUILT_PRODUCTS_DIR; };
		6C3D6E211B5941EA00608896 /* Info.plist */ = {isa = PBXFileReference; lastKnownFileType = text.plist.xml; path = Info.plist; sourceTree = "<group>"; };
		6C3D6E221B5941EA00608896 /* main.m */ = {isa = PBXFileReference; lastKnownFileType = sourcecode.c.objc; path = main.m; sourceTree = "<group>"; };
		6C3D6E241B5941EA00608896 /* AppDelegate.h */ = {isa = PBXFileReference; lastKnownFileType = sourcecode.c.h; path = AppDelegate.h; sourceTree = "<group>"; };
		6C3D6E251B5941EA00608896 /* AppDelegate.m */ = {isa = PBXFileReference; lastKnownFileType = sourcecode.c.objc; path = AppDelegate.m; sourceTree = "<group>"; };
		6C3D6E271B5941EA00608896 /* ViewController.h */ = {isa = PBXFileReference; lastKnownFileType = sourcecode.c.h; path = ViewController.h; sourceTree = "<group>"; };
		6C3D6E281B5941EA00608896 /* ViewController.m */ = {isa = PBXFileReference; lastKnownFileType = sourcecode.c.objc; path = ViewController.m; sourceTree = "<group>"; };
		6C3D6E2B1B5941EA00608896 /* Base */ = {isa = PBXFileReference; lastKnownFileType = file.storyboard; name = Base; path = Base.lproj/Main.storyboard; sourceTree = "<group>"; };
		6C3D6E2D1B5941EA00608896 /* Images.xcassets */ = {isa = PBXFileReference; lastKnownFileType = folder.assetcatalog; path = Images.xcassets; sourceTree = "<group>"; };
		6C3D6E301B5941EA00608896 /* Base */ = {isa = PBXFileReference; lastKnownFileType = file.xib; name = Base; path = Base.lproj/LaunchScreen.xib; sourceTree = "<group>"; };
		6C3D6E361B5941EA00608896 /* PlacesTests.xctest */ = {isa = PBXFileReference; explicitFileType = wrapper.cfbundle; includeInIndex = 0; path = PlacesTests.xctest; sourceTree = BUILT_PRODUCTS_DIR; };
		6C3D6E3B1B5941EA00608896 /* Info.plist */ = {isa = PBXFileReference; lastKnownFileType = text.plist.xml; path = Info.plist; sourceTree = "<group>"; };
		6C3D6E3C1B5941EA00608896 /* PlacesTests.m */ = {isa = PBXFileReference; lastKnownFileType = sourcecode.c.objc; path = PlacesTests.m; sourceTree = "<group>"; };
/* End PBXFileReference section */

/* Begin PBXFrameworksBuildPhase section */
		6C3D6E1A1B5941EA00608896 /* Frameworks */ = {
			isa = PBXFrameworksBuildPhase;
			buildActionMask = 2147483647;
			files = (
				6C1BE4411B5955B700153436 /* MapKit.framework in Frameworks */,
			);
			runOnlyForDeploymentPostprocessing = 0;
		};
		6C3D6E331B5941EA00608896 /* Frameworks */ = {
			isa = PBXFrameworksBuildPhase;
			buildActionMask = 2147483647;
			files = (
			);
			runOnlyForDeploymentPostprocessing = 0;
		};
/* End PBXFrameworksBuildPhase section */

/* Begin PBXGroup section */
		6C3D6E141B5941E900608896 = {
			isa = PBXGroup;
			children = (
				6C1BE4401B5955B700153436 /* MapKit.framework */,
				6C3D6E1F1B5941EA00608896 /* Places */,
				6C3D6E391B5941EA00608896 /* PlacesTests */,
				6C3D6E1E1B5941EA00608896 /* Products */,
			);
			sourceTree = "<group>";
		};
		6C3D6E1E1B5941EA00608896 /* Products */ = {
			isa = PBXGroup;
			children = (
				6C3D6E1D1B5941EA00608896 /* Places.app */,
				6C3D6E361B5941EA00608896 /* PlacesTests.xctest */,
			);
			name = Products;
			sourceTree = "<group>";
		};
		6C3D6E1F1B5941EA00608896 /* Places */ = {
			isa = PBXGroup;
			children = (
				6C3D6E241B5941EA00608896 /* AppDelegate.h */,
				6C3D6E251B5941EA00608896 /* AppDelegate.m */,
				6C3D6E271B5941EA00608896 /* ViewController.h */,
				6C3D6E281B5941EA00608896 /* ViewController.m */,
				6C1BE4421B5AD76A00153436 /* LocationController.h */,
				6C1BE4431B5AD76A00153436 /* LocationController.m */,
				6C3D6E2A1B5941EA00608896 /* Main.storyboard */,
				6C3D6E2D1B5941EA00608896 /* Images.xcassets */,
				6C3D6E2F1B5941EA00608896 /* LaunchScreen.xib */,
				6C3D6E201B5941EA00608896 /* Supporting Files */,
			);
			path = Places;
			sourceTree = "<group>";
		};
		6C3D6E201B5941EA00608896 /* Supporting Files */ = {
			isa = PBXGroup;
			children = (
				6C3D6E211B5941EA00608896 /* Info.plist */,
				6C3D6E221B5941EA00608896 /* main.m */,
			);
			name = "Supporting Files";
			sourceTree = "<group>";
		};
		6C3D6E391B5941EA00608896 /* PlacesTests */ = {
			isa = PBXGroup;
			children = (
				6C3D6E3C1B5941EA00608896 /* PlacesTests.m */,
				6C3D6E3A1B5941EA00608896 /* Supporting Files */,
			);
			path = PlacesTests;
			sourceTree = "<group>";
		};
		6C3D6E3A1B5941EA00608896 /* Supporting Files */ = {
			isa = PBXGroup;
			children = (
				6C3D6E3B1B5941EA00608896 /* Info.plist */,
			);
			name = "Supporting Files";
			sourceTree = "<group>";
		};
/* End PBXGroup section */

/* Begin PBXNativeTarget section */
		6C3D6E1C1B5941EA00608896 /* Places */ = {
			isa = PBXNativeTarget;
			buildConfigurationList = 6C3D6E401B5941EA00608896 /* Build configuration list for PBXNativeTarget "Places" */;
			buildPhases = (
				6C3D6E191B5941EA00608896 /* Sources */,
				6C3D6E1A1B5941EA00608896 /* Frameworks */,
				6C3D6E1B1B5941EA00608896 /* Resources */,
			);
			buildRules = (
			);
			dependencies = (
			);
			name = Places;
			productName = Places;
			productReference = 6C3D6E1D1B5941EA00608896 /* Places.app */;
			productType = "com.apple.product-type.application";
		};
		6C3D6E351B5941EA00608896 /* PlacesTests */ = {
			isa = PBXNativeTarget;
			buildConfigurationList = 6C3D6E431B5941EA00608896 /* Build configuration list for PBXNativeTarget "PlacesTests" */;
			buildPhases = (
				6C3D6E321B5941EA00608896 /* Sources */,
				6C3D6E331B5941EA00608896 /* Frameworks */,
				6C3D6E341B5941EA00608896 /* Resources */,
			);
			buildRules = (
			);
			dependencies = (
				6C3D6E381B5941EA00608896 /* PBXTargetDependency */,
			);
			name = PlacesTests;
			productName = PlacesTests;
			productReference = 6C3D6E361B5941EA00608896 /* PlacesTests.xctest */;
			productType = "com.apple.product-type.bundle.unit-test";
		};
/* End PBXNativeTarget section */

/* Begin PBXProject section */
		6C3D6E151B5941E900608896 /* Project object */ = {
			isa = PBXProject;
			attributes = {
				LastUpgradeCheck = 0630;
				ORGANIZATIONNAME = "Dulio Denis";
				TargetAttributes = {
					6C3D6E1C1B5941EA00608896 = {
						CreatedOnToolsVersion = 6.3.1;
					};
					6C3D6E351B5941EA00608896 = {
						CreatedOnToolsVersion = 6.3.1;
						TestTargetID = 6C3D6E1C1B5941EA00608896;
					};
				};
			};
			buildConfigurationList = 6C3D6E181B5941E900608896 /* Build configuration list for PBXProject "Places" */;
			compatibilityVersion = "Xcode 3.2";
			developmentRegion = English;
			hasScannedForEncodings = 0;
			knownRegions = (
				en,
				Base,
			);
			mainGroup = 6C3D6E141B5941E900608896;
			productRefGroup = 6C3D6E1E1B5941EA00608896 /* Products */;
			projectDirPath = "";
			projectRoot = "";
			targets = (
				6C3D6E1C1B5941EA00608896 /* Places */,
				6C3D6E351B5941EA00608896 /* PlacesTests */,
			);
		};
/* End PBXProject section */

/* Begin PBXResourcesBuildPhase section */
		6C3D6E1B1B5941EA00608896 /* Resources */ = {
			isa = PBXResourcesBuildPhase;
			buildActionMask = 2147483647;
			files = (
				6C3D6E2C1B5941EA00608896 /* Main.storyboard in Resources */,
				6C3D6E311B5941EA00608896 /* LaunchScreen.xib in Resources */,
				6C3D6E2E1B5941EA00608896 /* Images.xcassets in Resources */,
			);
			runOnlyForDeploymentPostprocessing = 0;
		};
		6C3D6E341B5941EA00608896 /* Resources */ = {
			isa = PBXResourcesBuildPhase;
			buildActionMask = 2147483647;
			files = (
			);
			runOnlyForDeploymentPostprocessing = 0;
		};
/* End PBXResourcesBuildPhase section */

/* Begin PBXSourcesBuildPhase section */
		6C3D6E191B5941EA00608896 /* Sources */ = {
			isa = PBXSourcesBuildPhase;
			buildActionMask = 2147483647;
			files = (
				6C1BE4441B5AD76A00153436 /* LocationController.m in Sources */,
				6C3D6E291B5941EA00608896 /* ViewController.m in Sources */,
				6C3D6E261B5941EA00608896 /* AppDelegate.m in Sources */,
				6C3D6E231B5941EA00608896 /* main.m in Sources */,
			);
			runOnlyForDeploymentPostprocessing = 0;
		};
		6C3D6E321B5941EA00608896 /* Sources */ = {
			isa = PBXSourcesBuildPhase;
			buildActionMask = 2147483647;
			files = (
				6C3D6E3D1B5941EA00608896 /* PlacesTests.m in Sources */,
			);
			runOnlyForDeploymentPostprocessing = 0;
		};
/* End PBXSourcesBuildPhase section */

/* Begin PBXTargetDependency section */
		6C3D6E381B5941EA00608896 /* PBXTargetDependency */ = {
			isa = PBXTargetDependency;
			target = 6C3D6E1C1B5941EA00608896 /* Places */;
			targetProxy = 6C3D6E371B5941EA00608896 /* PBXContainerItemProxy */;
		};
/* End PBXTargetDependency section */

/* Begin PBXVariantGroup section */
		6C3D6E2A1B5941EA00608896 /* Main.storyboard */ = {
			isa = PBXVariantGroup;
			children = (
				6C3D6E2B1B5941EA00608896 /* Base */,
			);
			name = Main.storyboard;
			sourceTree = "<group>";
		};
		6C3D6E2F1B5941EA00608896 /* LaunchScreen.xib */ = {
			isa = PBXVariantGroup;
			children = (
				6C3D6E301B5941EA00608896 /* Base */,
			);
			name = LaunchScreen.xib;
			sourceTree = "<group>";
		};
/* End PBXVariantGroup section */

/* Begin XCBuildConfiguration section */
		6C3D6E3E1B5941EA00608896 /* Debug */ = {
			isa = XCBuildConfiguration;
			buildSettings = {
				ALWAYS_SEARCH_USER_PATHS = NO;
				CLANG_CXX_LANGUAGE_STANDARD = "gnu++0x";
				CLANG_CXX_LIBRARY = "libc++";
				CLANG_ENABLE_MODULES = YES;
				CLANG_ENABLE_OBJC_ARC = YES;
				CLANG_WARN_BOOL_CONVERSION = YES;
				CLANG_WARN_CONSTANT_CONVERSION = YES;
				CLANG_WARN_DIRECT_OBJC_ISA_USAGE = YES_ERROR;
				CLANG_WARN_EMPTY_BODY = YES;
				CLANG_WARN_ENUM_CONVERSION = YES;
				CLANG_WARN_INT_CONVERSION = YES;
				CLANG_WARN_OBJC_ROOT_CLASS = YES_ERROR;
				CLANG_WARN_UNREACHABLE_CODE = YES;
				CLANG_WARN__DUPLICATE_METHOD_MATCH = YES;
				"CODE_SIGN_IDENTITY[sdk=iphoneos*]" = "iPhone Developer";
				COPY_PHASE_STRIP = NO;
				DEBUG_INFORMATION_FORMAT = "dwarf-with-dsym";
				ENABLE_STRICT_OBJC_MSGSEND = YES;
				GCC_C_LANGUAGE_STANDARD = gnu99;
				GCC_DYNAMIC_NO_PIC = NO;
				GCC_NO_COMMON_BLOCKS = YES;
				GCC_OPTIMIZATION_LEVEL = 0;
				GCC_PREPROCESSOR_DEFINITIONS = (
					"DEBUG=1",
					"$(inherited)",
				);
				GCC_SYMBOLS_PRIVATE_EXTERN = NO;
				GCC_WARN_64_TO_32_BIT_CONVERSION = YES;
				GCC_WARN_ABOUT_RETURN_TYPE = YES_ERROR;
				GCC_WARN_UNDECLARED_SELECTOR = YES;
				GCC_WARN_UNINITIALIZED_AUTOS = YES_AGGRESSIVE;
				GCC_WARN_UNUSED_FUNCTION = YES;
				GCC_WARN_UNUSED_VARIABLE = YES;
				IPHONEOS_DEPLOYMENT_TARGET = 8.3;
				MTL_ENABLE_DEBUG_INFO = YES;
				ONLY_ACTIVE_ARCH = YES;
				SDKROOT = iphoneos;
			};
			name = Debug;
		};
		6C3D6E3F1B5941EA00608896 /* Release */ = {
			isa = XCBuildConfiguration;
			buildSettings = {
				ALWAYS_SEARCH_USER_PATHS = NO;
				CLANG_CXX_LANGUAGE_STANDARD = "gnu++0x";
				CLANG_CXX_LIBRARY = "libc++";
				CLANG_ENABLE_MODULES = YES;
				CLANG_ENABLE_OBJC_ARC = YES;
				CLANG_WARN_BOOL_CONVERSION = YES;
				CLANG_WARN_CONSTANT_CONVERSION = YES;
				CLANG_WARN_DIRECT_OBJC_ISA_USAGE = YES_ERROR;
				CLANG_WARN_EMPTY_BODY = YES;
				CLANG_WARN_ENUM_CONVERSION = YES;
				CLANG_WARN_INT_CONVERSION = YES;
				CLANG_WARN_OBJC_ROOT_CLASS = YES_ERROR;
				CLANG_WARN_UNREACHABLE_CODE = YES;
				CLANG_WARN__DUPLICATE_METHOD_MATCH = YES;
				"CODE_SIGN_IDENTITY[sdk=iphoneos*]" = "iPhone Developer";
				COPY_PHASE_STRIP = NO;
				DEBUG_INFORMATION_FORMAT = "dwarf-with-dsym";
				ENABLE_NS_ASSERTIONS = NO;
				ENABLE_STRICT_OBJC_MSGSEND = YES;
				GCC_C_LANGUAGE_STANDARD = gnu99;
				GCC_NO_COMMON_BLOCKS = YES;
				GCC_WARN_64_TO_32_BIT_CONVERSION = YES;
				GCC_WARN_ABOUT_RETURN_TYPE = YES_ERROR;
				GCC_WARN_UNDECLARED_SELECTOR = YES;
				GCC_WARN_UNINITIALIZED_AUTOS = YES_AGGRESSIVE;
				GCC_WARN_UNUSED_FUNCTION = YES;
				GCC_WARN_UNUSED_VARIABLE = YES;
				IPHONEOS_DEPLOYMENT_TARGET = 8.3;
				MTL_ENABLE_DEBUG_INFO = NO;
				SDKROOT = iphoneos;
				VALIDATE_PRODUCT = YES;
			};
			name = Release;
		};
		6C3D6E411B5941EA00608896 /* Debug */ = {
			isa = XCBuildConfiguration;
			buildSettings = {
				ASSETCATALOG_COMPILER_APPICON_NAME = AppIcon;
				INFOPLIST_FILE = Places/Info.plist;
				LD_RUNPATH_SEARCH_PATHS = "$(inherited) @executable_path/Frameworks";
				PRODUCT_NAME = "$(TARGET_NAME)";
			};
			name = Debug;
		};
		6C3D6E421B5941EA00608896 /* Release */ = {
			isa = XCBuildConfiguration;
			buildSettings = {
				ASSETCATALOG_COMPILER_APPICON_NAME = AppIcon;
				INFOPLIST_FILE = Places/Info.plist;
				LD_RUNPATH_SEARCH_PATHS = "$(inherited) @executable_path/Frameworks";
				PRODUCT_NAME = "$(TARGET_NAME)";
			};
			name = Release;
		};
		6C3D6E441B5941EA00608896 /* Debug */ = {
			isa = XCBuildConfiguration;
			buildSettings = {
				BUNDLE_LOADER = "$(TEST_HOST)";
				FRAMEWORK_SEARCH_PATHS = (
					"$(SDKROOT)/Developer/Library/Frameworks",
					"$(inherited)",
				);
				GCC_PREPROCESSOR_DEFINITIONS = (
					"DEBUG=1",
					"$(inherited)",
				);
				INFOPLIST_FILE = PlacesTests/Info.plist;
				LD_RUNPATH_SEARCH_PATHS = "$(inherited) @executable_path/Frameworks @loader_path/Frameworks";
				PRODUCT_NAME = "$(TARGET_NAME)";
				TEST_HOST = "$(BUILT_PRODUCTS_DIR)/Places.app/Places";
			};
			name = Debug;
		};
		6C3D6E451B5941EA00608896 /* Release */ = {
			isa = XCBuildConfiguration;
			buildSettings = {
				BUNDLE_LOADER = "$(TEST_HOST)";
				FRAMEWORK_SEARCH_PATHS = (
					"$(SDKROOT)/Developer/Library/Frameworks",
					"$(inherited)",
				);
				INFOPLIST_FILE = PlacesTests/Info.plist;
				LD_RUNPATH_SEARCH_PATHS = "$(inherited) @executable_path/Frameworks @loader_path/Frameworks";
				PRODUCT_NAME = "$(TARGET_NAME)";
				TEST_HOST = "$(BUILT_PRODUCTS_DIR)/Places.app/Places";
			};
			name = Release;
		};
/* End XCBuildConfiguration section */

/* Begin XCConfigurationList section */
		6C3D6E181B5941E900608896 /* Build configuration list for PBXProject "Places" */ = {
			isa = XCConfigurationList;
			buildConfigurations = (
				6C3D6E3E1B5941EA00608896 /* Debug */,
				6C3D6E3F1B5941EA00608896 /* Release */,
			);
			defaultConfigurationIsVisible = 0;
			defaultConfigurationName = Release;
		};
		6C3D6E401B5941EA00608896 /* Build configuration list for PBXNativeTarget "Places" */ = {
			isa = XCConfigurationList;
			buildConfigurations = (
				6C3D6E411B5941EA00608896 /* Debug */,
				6C3D6E421B5941EA00608896 /* Release */,
			);
			defaultConfigurationIsVisible = 0;
			defaultConfigurationName = Release;
		};
		6C3D6E431B5941EA00608896 /* Build configuration list for PBXNativeTarget "PlacesTests" */ = {
			isa = XCConfigurationList;
			buildConfigurations = (
				6C3D6E441B5941EA00608896 /* Debug */,
				6C3D6E451B5941EA00608896 /* Release */,
			);
			defaultConfigurationIsVisible = 0;
			defaultConfigurationName = Release;
		};
/* End XCConfigurationList section */
	};
	rootObject = 6C3D6E151B5941E900608896 /* Project object */;
}
